
Microsoft Visual Studio Solution File, Format Version 12.00
# Visual Studio Version 17
VisualStudioVersion = 17.14.36121.58 d17.14
MinimumVisualStudioVersion = 10.0.40219.1
Project("{2150E333-8FDC-42A3-9474-1A3956D46DE8}") = "src", "src", "{02EA681E-C7D8-13C7-8484-4AC65E1B71E8}"
EndProject
Project("{FAE04EC0-301F-11D3-BF4B-00C04F79EFBC}") = "FrontEnd.Api", "src\FrontEnd.Api\FrontEnd.Api.csproj", "{BEFF2C01-63CA-4F15-B64B-A1781DD43085}"
EndProject
Project("{2150E333-8FDC-42A3-9474-1A3956D46DE8}") = "tests", "tests", "{6B852325-AC59-4701-8FFA-B2FE4150B4CC}"
EndProject
Global
	GlobalSection(SolutionConfigurationPlatforms) = preSolution
		Debug|Any CPU = Debug|Any CPU
		Release|Any CPU = Release|Any CPU
	EndGlobalSection
	GlobalSection(ProjectConfigurationPlatforms) = postSolution
		{BEFF2C01-63CA-4F15-B64B-A1781DD43085}.Debug|Any CPU.ActiveCfg = Debug|Any CPU
		{BEFF2C01-63CA-4F15-B64B-A1781DD43085}.Debug|Any CPU.Build.0 = Debug|Any CPU
		{BEFF2C01-63CA-4F15-B64B-A1781DD43085}.Release|Any CPU.ActiveCfg = Release|Any CPU
		{BEFF2C01-63CA-4F15-B64B-A1781DD43085}.Release|Any CPU.Build.0 = Release|Any CPU
	EndGlobalSection
	GlobalSection(SolutionProperties) = preSolution
		HideSolutionNode = FALSE
	EndGlobalSection
	GlobalSection(NestedProjects) = preSolution
		{BEFF2C01-63CA-4F15-B64B-A1781DD43085} = {02EA681E-C7D8-13C7-8484-4AC65E1B71E8}
	EndGlobalSection
	GlobalSection(ExtensibilityGlobals) = postSolution
		SolutionGuid = {A2A46FED-7BCD-4A53-A559-EE6E791EA57B}
	EndGlobalSection
EndGlobal
